
Microsoft Visual Studio Solution File, Format Version 12.00
# Visual Studio Version 16
VisualStudioVersion = 16.0.31025.194
MinimumVisualStudioVersion = 10.0.40219.1
Project("{9A19103F-16F7-4668-BE54-9A1E7A4F7556}") = "WebAPI", "WebAPI\WebAPI.csproj", "{1EA4159D-915A-4E81-979C-C20940A1BCEF}"
EndProject
Project("{FAE04EC0-301F-11D3-BF4B-00C04F79EFBC}") = "Client", "Client\Client.csproj", "{DA516355-494C-41AC-B901-A4853E6EFCF8}"
EndProject
Global
	GlobalSection(SolutionConfigurationPlatforms) = preSolution
		Debug|Any CPU = Debug|Any CPU
		Release|Any CPU = Release|Any CPU
	EndGlobalSection
	GlobalSection(ProjectConfigurationPlatforms) = postSolution
		{1EA4159D-915A-4E81-979C-C20940A1BCEF}.Debug|Any CPU.ActiveCfg = Debug|Any CPU
		{1EA4159D-915A-4E81-979C-C20940A1BCEF}.Debug|Any CPU.Build.0 = Debug|Any CPU
		{1EA4159D-915A-4E81-979C-C20940A1BCEF}.Release|Any CPU.ActiveCfg = Release|Any CPU
		{1EA4159D-915A-4E81-979C-C20940A1BCEF}.Release|Any CPU.Build.0 = Release|Any CPU
		{DA516355-494C-41AC-B901-A4853E6EFCF8}.Debug|Any CPU.ActiveCfg = Debug|Any CPU
		{DA516355-494C-41AC-B901-A4853E6EFCF8}.Debug|Any CPU.Build.0 = Debug|Any CPU
		{DA516355-494C-41AC-B901-A4853E6EFCF8}.Release|Any CPU.ActiveCfg = Release|Any CPU
		{DA516355-494C-41AC-B901-A4853E6EFCF8}.Release|Any CPU.Build.0 = Release|Any CPU
	EndGlobalSection
	GlobalSection(SolutionProperties) = preSolution
		HideSolutionNode = FALSE
	EndGlobalSection
	GlobalSection(ExtensibilityGlobals) = postSolution
		SolutionGuid = {EF9D52C1-49F6-414B-9964-A7C6E19B4210}
	EndGlobalSection
EndGlobal
